
Microsoft Visual Studio Solution File, Format Version 12.00
# Visual Studio 15
VisualStudioVersion = 15.0.27004.2009
MinimumVisualStudioVersion = 10.0.40219.1
Project("{8BC9CEB8-8B4A-11D0-8D11-00A0C91BC942}") = "LinkList", "LinkList\LinkList.vcxproj", "{A45A871C-40FF-46DC-A96A-E46E5798E380}"
EndProject
Global
	GlobalSection(SolutionConfigurationPlatforms) = preSolution
		Debug|x64 = Debug|x64
		Debug|x86 = Debug|x86
		Release|x64 = Release|x64
		Release|x86 = Release|x86
	EndGlobalSection
	GlobalSection(ProjectConfigurationPlatforms) = postSolution
		{A45A871C-40FF-46DC-A96A-E46E5798E380}.Debug|x64.ActiveCfg = Debug|x64
		{A45A871C-40FF-46DC-A96A-E46E5798E380}.Debug|x64.Build.0 = Debug|x64
		{A45A871C-40FF-46DC-A96A-E46E5798E380}.Debug|x86.ActiveCfg = Debug|Win32
		{A45A871C-40FF-46DC-A96A-E46E5798E380}.Debug|x86.Build.0 = Debug|Win32
		{A45A871C-40FF-46DC-A96A-E46E5798E380}.Release|x64.ActiveCfg = Release|x64
		{A45A871C-40FF-46DC-A96A-E46E5798E380}.Release|x64.Build.0 = Release|x64
		{A45A871C-40FF-46DC-A96A-E46E5798E380}.Release|x86.ActiveCfg = Release|Win32
		{A45A871C-40FF-46DC-A96A-E46E5798E380}.Release|x86.Build.0 = Release|Win32
	EndGlobalSection
	GlobalSection(SolutionProperties) = preSolution
		HideSolutionNode = FALSE
	EndGlobalSection
	GlobalSection(ExtensibilityGlobals) = postSolution
		SolutionGuid = {4B229769-E18C-47BF-953B-D4B576F15116}
	EndGlobalSection
EndGlobal
